# This file is automatically @generated by Poetry and should not be changed by hand.

[[package]]
name = "cgepy"
version = "0.6.8"
description = "Tools for developing graphical programs inside the console."
category = "main"
optional = false
python-versions = ">=3.8,<4.0"
files = [
    {file = "cgepy-0.6.8-py3-none-any.whl", hash = "sha256:bfdeae52540b91a23d17973dac7259385cb03f4272cd4d95be9b3e4eb68bd9ab"},
    {file = "cgepy-0.6.8.tar.gz", hash = "sha256:dd90e716aa188fb0bf8ed2add3ebb4a7926c983ef5485b4811454d1ea087ea09"},
]

[metadata]
lock-version = "2.0"
python-versions = "^3.8"
content-hash = "64f0f66a6ed0fd28c9dbe4d19d7c999da73a2a76a32b38bacb8551d77fc6663f"
